{
    "version": 3,
    "terraform_version": "0.10.8",
    "serial": 2,
    "lineage": "80284ce5-5cef-499b-b7d5-e3693ba9ea84",
    "modules": [
        {
            "path": [
                "root"
            ],
            "outputs": {
                "address": {
                    "sensitive": false,
                    "type": "string",
                    "value": "terraform-20180612032846994200000001.cuqq8e25zzy2.us-west-2.rds.amazonaws.com"
                },
                "port": {
                    "sensitive": false,
                    "type": "string",
                    "value": "3306"
                }
            },
            "resources": {
                "aws_db_instance.sampledb": {
                    "type": "aws_db_instance",
                    "depends_on": [],
                    "primary": {
                        "id": "terraform-20180612032846994200000001",
                        "attributes": {
                            "address": "terraform-20180612032846994200000001.cuqq8e25zzy2.us-west-2.rds.amazonaws.com",
                            "allocated_storage": "10",
                            "arn": "arn:aws:rds:us-west-2:588544219620:db:terraform-20180612032846994200000001",
                            "auto_minor_version_upgrade": "true",
                            "availability_zone": "us-west-2b",
                            "backup_retention_period": "0",
                            "backup_window": "06:13-06:43",
                            "ca_cert_identifier": "rds-ca-2015",
                            "copy_tags_to_snapshot": "false",
                            "db_subnet_group_name": "default",
                            "enabled_cloudwatch_logs_exports.#": "0",
                            "endpoint": "terraform-20180612032846994200000001.cuqq8e25zzy2.us-west-2.rds.amazonaws.com:3306",
                            "engine": "mysql",
                            "engine_version": "5.6.39",
                            "hosted_zone_id": "Z1PVIF0B656C1W",
                            "iam_database_authentication_enabled": "false",
                            "id": "terraform-20180612032846994200000001",
                            "identifier": "terraform-20180612032846994200000001",
                            "instance_class": "db.t2.micro",
                            "iops": "0",
                            "kms_key_id": "",
                            "license_model": "general-public-license",
                            "maintenance_window": "tue:08:58-tue:09:28",
                            "monitoring_interval": "0",
                            "multi_az": "false",
                            "name": "sample_database",
                            "option_group_name": "default:mysql-5-6",
                            "parameter_group_name": "default.mysql5.6",
                            "password": "admin1234",
                            "port": "3306",
                            "publicly_accessible": "false",
                            "replicas.#": "0",
                            "replicate_source_db": "",
                            "resource_id": "db-PLYTUGVL5QQDWCWL37WXJD4IMI",
                            "security_group_names.#": "0",
                            "skip_final_snapshot": "false",
                            "status": "available",
                            "storage_encrypted": "false",
                            "storage_type": "standard",
                            "tags.%": "0",
                            "timezone": "",
                            "username": "admin",
                            "vpc_security_group_ids.#": "1",
                            "vpc_security_group_ids.4016220691": "sg-2f55bc52"
                        },
                        "meta": {
                            "e2bfb730-ecaa-11e6-8f88-34363bc7c4c0": {
                                "create": 2400000000000,
                                "delete": 2400000000000,
                                "update": 4800000000000
                            }
                        },
                        "tainted": false
                    },
                    "deposed": [],
                    "provider": ""
                }
            },
            "depends_on": []
        }
    ]
}
